
Microsoft Visual Studio Solution File, Format Version 12.00
Project("{FAE04EC0-301F-11D3-BF4B-00C04F79EFBC}") = "SmartDllCleaner", "SmartDllCleaner.csproj", "{571064FE-666B-4F04-B7BC-EF3095E7B28A}"
EndProject
Global
	GlobalSection(SolutionConfigurationPlatforms) = preSolution
		Debug|Any CPU = Debug|Any CPU
		Release|Any CPU = Release|Any CPU
	EndGlobalSection
	GlobalSection(ProjectConfigurationPlatforms) = postSolution
		{571064FE-666B-4F04-B7BC-EF3095E7B28A}.Debug|Any CPU.ActiveCfg = Debug|Any CPU
		{571064FE-666B-4F04-B7BC-EF3095E7B28A}.Debug|Any CPU.Build.0 = Debug|Any CPU
		{571064FE-666B-4F04-B7BC-EF3095E7B28A}.Release|Any CPU.ActiveCfg = Release|Any CPU
		{571064FE-666B-4F04-B7BC-EF3095E7B28A}.Release|Any CPU.Build.0 = Release|Any CPU
	EndGlobalSection
EndGlobal
